// !$*UTF8*$!
{
	archiveVersion = 1;
	classes = {
	};
	objectVersion = 55;
	objects = {

/* Begin PBXBuildFile section */
		1A038D1A289ED6610066DCD9 /* GoogleService-Info.plist in Resources */ = {isa = PBXBuildFile; fileRef = 1A038D19289ED6610066DCD9 /* GoogleService-Info.plist */; };
		1A537DE9289ED4C3007B6500 /* AppDelegate.swift in Sources */ = {isa = PBXBuildFile; fileRef = 1A537DE8289ED4C3007B6500 /* AppDelegate.swift */; };
		1A537DEB289ED4C3007B6500 /* SceneDelegate.swift in Sources */ = {isa = PBXBuildFile; fileRef = 1A537DEA289ED4C3007B6500 /* SceneDelegate.swift */; };
		1A537DED289ED4C3007B6500 /* SignIn.swift in Sources */ = {isa = PBXBuildFile; fileRef = 1A537DEC289ED4C3007B6500 /* SignIn.swift */; };
		1A537DF0289ED4C3007B6500 /* Main.storyboard in Resources */ = {isa = PBXBuildFile; fileRef = 1A537DEE289ED4C3007B6500 /* Main.storyboard */; };
		1A537DF2289ED4C6007B6500 /* Assets.xcassets in Resources */ = {isa = PBXBuildFile; fileRef = 1A537DF1289ED4C6007B6500 /* Assets.xcassets */; };
		1A537DF5289ED4C6007B6500 /* LaunchScreen.storyboard in Resources */ = {isa = PBXBuildFile; fileRef = 1A537DF3289ED4C6007B6500 /* LaunchScreen.storyboard */; };
		1A846819289EDE76005B65E3 /* FirebaseAnalytics in Frameworks */ = {isa = PBXBuildFile; productRef = 1A846818289EDE76005B65E3 /* FirebaseAnalytics */; };
		1A84681B289EDE76005B65E3 /* FirebaseAuth in Frameworks */ = {isa = PBXBuildFile; productRef = 1A84681A289EDE76005B65E3 /* FirebaseAuth */; };
		1A84681D289EDE76005B65E3 /* FirebaseDatabase in Frameworks */ = {isa = PBXBuildFile; productRef = 1A84681C289EDE76005B65E3 /* FirebaseDatabase */; };
		1A84681F289EDE76005B65E3 /* FirebaseFirestore in Frameworks */ = {isa = PBXBuildFile; productRef = 1A84681E289EDE76005B65E3 /* FirebaseFirestore */; };
		1A846821289EDE76005B65E3 /* FirebaseStorage in Frameworks */ = {isa = PBXBuildFile; productRef = 1A846820289EDE76005B65E3 /* FirebaseStorage */; };
		1A846823289FEDDE005B65E3 /* FeedVC.swift in Sources */ = {isa = PBXBuildFile; fileRef = 1A846822289FEDDD005B65E3 /* FeedVC.swift */; };
		1A846825289FEDF5005B65E3 /* SettingsVC.swift in Sources */ = {isa = PBXBuildFile; fileRef = 1A846824289FEDF5005B65E3 /* SettingsVC.swift */; };
		1A846827289FEE0F005B65E3 /* UploadVC.swift in Sources */ = {isa = PBXBuildFile; fileRef = 1A846826289FEE0F005B65E3 /* UploadVC.swift */; };
		1A84682C28A01510005B65E3 /* SnapVC.swift in Sources */ = {isa = PBXBuildFile; fileRef = 1A84682B28A01510005B65E3 /* SnapVC.swift */; };
		1A84682E28A0196B005B65E3 /* Error.swift in Sources */ = {isa = PBXBuildFile; fileRef = 1A84682D28A0196B005B65E3 /* Error.swift */; };
/* End PBXBuildFile section */

/* Begin PBXFileReference section */
		1A038D19289ED6610066DCD9 /* GoogleService-Info.plist */ = {isa = PBXFileReference; fileEncoding = 4; lastKnownFileType = text.plist.xml; path = "GoogleService-Info.plist"; sourceTree = "<group>"; };
		1A537DE5289ED4C3007B6500 /* SnapchatClone.app */ = {isa = PBXFileReference; explicitFileType = wrapper.application; includeInIndex = 0; path = SnapchatClone.app; sourceTree = BUILT_PRODUCTS_DIR; };
		1A537DE8289ED4C3007B6500 /* AppDelegate.swift */ = {isa = PBXFileReference; lastKnownFileType = sourcecode.swift; path = AppDelegate.swift; sourceTree = "<group>"; };
		1A537DEA289ED4C3007B6500 /* SceneDelegate.swift */ = {isa = PBXFileReference; lastKnownFileType = sourcecode.swift; path = SceneDelegate.swift; sourceTree = "<group>"; };
		1A537DEC289ED4C3007B6500 /* SignIn.swift */ = {isa = PBXFileReference; lastKnownFileType = sourcecode.swift; path = SignIn.swift; sourceTree = "<group>"; };
		1A537DEF289ED4C3007B6500 /* Base */ = {isa = PBXFileReference; lastKnownFileType = file.storyboard; name = Base; path = Base.lproj/Main.storyboard; sourceTree = "<group>"; };
		1A537DF1289ED4C6007B6500 /* Assets.xcassets */ = {isa = PBXFileReference; lastKnownFileType = folder.assetcatalog; path = Assets.xcassets; sourceTree = "<group>"; };
		1A537DF4289ED4C6007B6500 /* Base */ = {isa = PBXFileReference; lastKnownFileType = file.storyboard; name = Base; path = Base.lproj/LaunchScreen.storyboard; sourceTree = "<group>"; };
		1A537DF6289ED4C6007B6500 /* Info.plist */ = {isa = PBXFileReference; lastKnownFileType = text.plist.xml; path = Info.plist; sourceTree = "<group>"; };
		1A846822289FEDDD005B65E3 /* FeedVC.swift */ = {isa = PBXFileReference; lastKnownFileType = sourcecode.swift; path = FeedVC.swift; sourceTree = "<group>"; };
		1A846824289FEDF5005B65E3 /* SettingsVC.swift */ = {isa = PBXFileReference; lastKnownFileType = sourcecode.swift; path = SettingsVC.swift; sourceTree = "<group>"; };
		1A846826289FEE0F005B65E3 /* UploadVC.swift */ = {isa = PBXFileReference; lastKnownFileType = sourcecode.swift; path = UploadVC.swift; sourceTree = "<group>"; };
		1A84682B28A01510005B65E3 /* SnapVC.swift */ = {isa = PBXFileReference; lastKnownFileType = sourcecode.swift; path = SnapVC.swift; sourceTree = "<group>"; };
		1A84682D28A0196B005B65E3 /* Error.swift */ = {isa = PBXFileReference; lastKnownFileType = sourcecode.swift; path = Error.swift; sourceTree = "<group>"; };
/* End PBXFileReference section */

/* Begin PBXFrameworksBuildPhase section */
		1A537DE2289ED4C3007B6500 /* Frameworks */ = {
			isa = PBXFrameworksBuildPhase;
			buildActionMask = 2147483647;
			files = (
				1A84681D289EDE76005B65E3 /* FirebaseDatabase in Frameworks */,
				1A84681F289EDE76005B65E3 /* FirebaseFirestore in Frameworks */,
				1A846819289EDE76005B65E3 /* FirebaseAnalytics in Frameworks */,
				1A846821289EDE76005B65E3 /* FirebaseStorage in Frameworks */,
				1A84681B289EDE76005B65E3 /* FirebaseAuth in Frameworks */,
			);
			runOnlyForDeploymentPostprocessing = 0;
		};
/* End PBXFrameworksBuildPhase section */

/* Begin PBXGroup section */
		1A537DDC289ED4C3007B6500 = {
			isa = PBXGroup;
			children = (
				1A537DE7289ED4C3007B6500 /* SnapchatClone */,
				1A537DE6289ED4C3007B6500 /* Products */,
			);
			sourceTree = "<group>";
		};
		1A537DE6289ED4C3007B6500 /* Products */ = {
			isa = PBXGroup;
			children = (
				1A537DE5289ED4C3007B6500 /* SnapchatClone.app */,
			);
			name = Products;
			sourceTree = "<group>";
		};
		1A537DE7289ED4C3007B6500 /* SnapchatClone */ = {
			isa = PBXGroup;
			children = (
				1A84682A289FEE59005B65E3 /* ViewControllers */,
				1A846829289FEE50005B65E3 /* Delegates */,
				1A846828289FEE21005B65E3 /* Model */,
				1A038D19289ED6610066DCD9 /* GoogleService-Info.plist */,
				1A537DEE289ED4C3007B6500 /* Main.storyboard */,
				1A537DF1289ED4C6007B6500 /* Assets.xcassets */,
				1A537DF3289ED4C6007B6500 /* LaunchScreen.storyboard */,
				1A537DF6289ED4C6007B6500 /* Info.plist */,
			);
			path = SnapchatClone;
			sourceTree = "<group>";
		};
		1A846828289FEE21005B65E3 /* Model */ = {
			isa = PBXGroup;
			children = (
				1A84682D28A0196B005B65E3 /* Error.swift */,
			);
			path = Model;
			sourceTree = "<group>";
		};
		1A846829289FEE50005B65E3 /* Delegates */ = {
			isa = PBXGroup;
			children = (
				1A537DE8289ED4C3007B6500 /* AppDelegate.swift */,
				1A537DEA289ED4C3007B6500 /* SceneDelegate.swift */,
			);
			path = Delegates;
			sourceTree = "<group>";
		};
		1A84682A289FEE59005B65E3 /* ViewControllers */ = {
			isa = PBXGroup;
			children = (
				1A846822289FEDDD005B65E3 /* FeedVC.swift */,
				1A846824289FEDF5005B65E3 /* SettingsVC.swift */,
				1A846826289FEE0F005B65E3 /* UploadVC.swift */,
				1A537DEC289ED4C3007B6500 /* SignIn.swift */,
				1A84682B28A01510005B65E3 /* SnapVC.swift */,
			);
			path = ViewControllers;
			sourceTree = "<group>";
		};
/* End PBXGroup section */

/* Begin PBXNativeTarget section */
		1A537DE4289ED4C3007B6500 /* SnapchatClone */ = {
			isa = PBXNativeTarget;
			buildConfigurationList = 1A537DF9289ED4C6007B6500 /* Build configuration list for PBXNativeTarget "SnapchatClone" */;
			buildPhases = (
				1A537DE1289ED4C3007B6500 /* Sources */,
				1A537DE2289ED4C3007B6500 /* Frameworks */,
				1A537DE3289ED4C3007B6500 /* Resources */,
			);
			buildRules = (
			);
			dependencies = (
			);
			name = SnapchatClone;
			packageProductDependencies = (
				1A846818289EDE76005B65E3 /* FirebaseAnalytics */,
				1A84681A289EDE76005B65E3 /* FirebaseAuth */,
				1A84681C289EDE76005B65E3 /* FirebaseDatabase */,
				1A84681E289EDE76005B65E3 /* FirebaseFirestore */,
				1A846820289EDE76005B65E3 /* FirebaseStorage */,
			);
			productName = SnapchatClone;
			productReference = 1A537DE5289ED4C3007B6500 /* SnapchatClone.app */;
			productType = "com.apple.product-type.application";
		};
/* End PBXNativeTarget section */

/* Begin PBXProject section */
		1A537DDD289ED4C3007B6500 /* Project object */ = {
			isa = PBXProject;
			attributes = {
				BuildIndependentTargetsInParallel = 1;
				LastSwiftUpdateCheck = 1340;
				LastUpgradeCheck = 1340;
				TargetAttributes = {
					1A537DE4289ED4C3007B6500 = {
						CreatedOnToolsVersion = 13.4.1;
					};
				};
			};
			buildConfigurationList = 1A537DE0289ED4C3007B6500 /* Build configuration list for PBXProject "SnapchatClone" */;
			compatibilityVersion = "Xcode 13.0";
			developmentRegion = en;
			hasScannedForEncodings = 0;
			knownRegions = (
				en,
				Base,
			);
			mainGroup = 1A537DDC289ED4C3007B6500;
			packageReferences = (
				1A846817289EDE76005B65E3 /* XCRemoteSwiftPackageReference "firebase-ios-sdk" */,
			);
			productRefGroup = 1A537DE6289ED4C3007B6500 /* Products */;
			projectDirPath = "";
			projectRoot = "";
			targets = (
				1A537DE4289ED4C3007B6500 /* SnapchatClone */,
			);
		};
/* End PBXProject section */

/* Begin PBXResourcesBuildPhase section */
		1A537DE3289ED4C3007B6500 /* Resources */ = {
			isa = PBXResourcesBuildPhase;
			buildActionMask = 2147483647;
			files = (
				1A537DF5289ED4C6007B6500 /* LaunchScreen.storyboard in Resources */,
				1A038D1A289ED6610066DCD9 /* GoogleService-Info.plist in Resources */,
				1A537DF2289ED4C6007B6500 /* Assets.xcassets in Resources */,
				1A537DF0289ED4C3007B6500 /* Main.storyboard in Resources */,
			);
			runOnlyForDeploymentPostprocessing = 0;
		};
/* End PBXResourcesBuildPhase section */

/* Begin PBXSourcesBuildPhase section */
		1A537DE1289ED4C3007B6500 /* Sources */ = {
			isa = PBXSourcesBuildPhase;
			buildActionMask = 2147483647;
			files = (
				1A84682E28A0196B005B65E3 /* Error.swift in Sources */,
				1A846823289FEDDE005B65E3 /* FeedVC.swift in Sources */,
				1A846827289FEE0F005B65E3 /* UploadVC.swift in Sources */,
				1A537DED289ED4C3007B6500 /* SignIn.swift in Sources */,
				1A537DE9289ED4C3007B6500 /* AppDelegate.swift in Sources */,
				1A84682C28A01510005B65E3 /* SnapVC.swift in Sources */,
				1A537DEB289ED4C3007B6500 /* SceneDelegate.swift in Sources */,
				1A846825289FEDF5005B65E3 /* SettingsVC.swift in Sources */,
			);
			runOnlyForDeploymentPostprocessing = 0;
		};
/* End PBXSourcesBuildPhase section */

/* Begin PBXVariantGroup section */
		1A537DEE289ED4C3007B6500 /* Main.storyboard */ = {
			isa = PBXVariantGroup;
			children = (
				1A537DEF289ED4C3007B6500 /* Base */,
			);
			name = Main.storyboard;
			sourceTree = "<group>";
		};
		1A537DF3289ED4C6007B6500 /* LaunchScreen.storyboard */ = {
			isa = PBXVariantGroup;
			children = (
				1A537DF4289ED4C6007B6500 /* Base */,
			);
			name = LaunchScreen.storyboard;
			sourceTree = "<group>";
		};
/* End PBXVariantGroup section */

/* Begin XCBuildConfiguration section */
		1A537DF7289ED4C6007B6500 /* Debug */ = {
			isa = XCBuildConfiguration;
			buildSettings = {
				ALWAYS_SEARCH_USER_PATHS = NO;
				CLANG_ANALYZER_NONNULL = YES;
				CLANG_ANALYZER_NUMBER_OBJECT_CONVERSION = YES_AGGRESSIVE;
				CLANG_CXX_LANGUAGE_STANDARD = "gnu++17";
				CLANG_ENABLE_MODULES = YES;
				CLANG_ENABLE_OBJC_ARC = YES;
				CLANG_ENABLE_OBJC_WEAK = YES;
				CLANG_WARN_BLOCK_CAPTURE_AUTORELEASING = YES;
				CLANG_WARN_BOOL_CONVERSION = YES;
				CLANG_WARN_COMMA = YES;
				CLANG_WARN_CONSTANT_CONVERSION = YES;
				CLANG_WARN_DEPRECATED_OBJC_IMPLEMENTATIONS = YES;
				CLANG_WARN_DIRECT_OBJC_ISA_USAGE = YES_ERROR;
				CLANG_WARN_DOCUMENTATION_COMMENTS = YES;
				CLANG_WARN_EMPTY_BODY = YES;
				CLANG_WARN_ENUM_CONVERSION = YES;
				CLANG_WARN_INFINITE_RECURSION = YES;
				CLANG_WARN_INT_CONVERSION = YES;
				CLANG_WARN_NON_LITERAL_NULL_CONVERSION = YES;
				CLANG_WARN_OBJC_IMPLICIT_RETAIN_SELF = YES;
				CLANG_WARN_OBJC_LITERAL_CONVERSION = YES;
				CLANG_WARN_OBJC_ROOT_CLASS = YES_ERROR;
				CLANG_WARN_QUOTED_INCLUDE_IN_FRAMEWORK_HEADER = YES;
				CLANG_WARN_RANGE_LOOP_ANALYSIS = YES;
				CLANG_WARN_STRICT_PROTOTYPES = YES;
				CLANG_WARN_SUSPICIOUS_MOVE = YES;
				CLANG_WARN_UNGUARDED_AVAILABILITY = YES_AGGRESSIVE;
				CLANG_WARN_UNREACHABLE_CODE = YES;
				CLANG_WARN__DUPLICATE_METHOD_MATCH = YES;
				COPY_PHASE_STRIP = NO;
				DEBUG_INFORMATION_FORMAT = dwarf;
				ENABLE_STRICT_OBJC_MSGSEND = YES;
				ENABLE_TESTABILITY = YES;
				GCC_C_LANGUAGE_STANDARD = gnu11;
				GCC_DYNAMIC_NO_PIC = NO;
				GCC_NO_COMMON_BLOCKS = YES;
				GCC_OPTIMIZATION_LEVEL = 0;
				GCC_PREPROCESSOR_DEFINITIONS = (
					"DEBUG=1",
					"$(inherited)",
				);
				GCC_WARN_64_TO_32_BIT_CONVERSION = YES;
				GCC_WARN_ABOUT_RETURN_TYPE = YES_ERROR;
				GCC_WARN_UNDECLARED_SELECTOR = YES;
				GCC_WARN_UNINITIALIZED_AUTOS = YES_AGGRESSIVE;
				GCC_WARN_UNUSED_FUNCTION = YES;
				GCC_WARN_UNUSED_VARIABLE = YES;
				IPHONEOS_DEPLOYMENT_TARGET = 15.5;
				MTL_ENABLE_DEBUG_INFO = INCLUDE_SOURCE;
				MTL_FAST_MATH = YES;
				ONLY_ACTIVE_ARCH = YES;
				SDKROOT = iphoneos;
				SWIFT_ACTIVE_COMPILATION_CONDITIONS = DEBUG;
				SWIFT_OPTIMIZATION_LEVEL = "-Onone";
			};
			name = Debug;
		};
		1A537DF8289ED4C6007B6500 /* Release */ = {
			isa = XCBuildConfiguration;
			buildSettings = {
				ALWAYS_SEARCH_USER_PATHS = NO;
				CLANG_ANALYZER_NONNULL = YES;
				CLANG_ANALYZER_NUMBER_OBJECT_CONVERSION = YES_AGGRESSIVE;
				CLANG_CXX_LANGUAGE_STANDARD = "gnu++17";
				CLANG_ENABLE_MODULES = YES;
				CLANG_ENABLE_OBJC_ARC = YES;
				CLANG_ENABLE_OBJC_WEAK = YES;
				CLANG_WARN_BLOCK_CAPTURE_AUTORELEASING = YES;
				CLANG_WARN_BOOL_CONVERSION = YES;
				CLANG_WARN_COMMA = YES;
				CLANG_WARN_CONSTANT_CONVERSION = YES;
				CLANG_WARN_DEPRECATED_OBJC_IMPLEMENTATIONS = YES;
				CLANG_WARN_DIRECT_OBJC_ISA_USAGE = YES_ERROR;
				CLANG_WARN_DOCUMENTATION_COMMENTS = YES;
				CLANG_WARN_EMPTY_BODY = YES;
				CLANG_WARN_ENUM_CONVERSION = YES;
				CLANG_WARN_INFINITE_RECURSION = YES;
				CLANG_WARN_INT_CONVERSION = YES;
				CLANG_WARN_NON_LITERAL_NULL_CONVERSION = YES;
				CLANG_WARN_OBJC_IMPLICIT_RETAIN_SELF = YES;
				CLANG_WARN_OBJC_LITERAL_CONVERSION = YES;
				CLANG_WARN_OBJC_ROOT_CLASS = YES_ERROR;
				CLANG_WARN_QUOTED_INCLUDE_IN_FRAMEWORK_HEADER = YES;
				CLANG_WARN_RANGE_LOOP_ANALYSIS = YES;
				CLANG_WARN_STRICT_PROTOTYPES = YES;
				CLANG_WARN_SUSPICIOUS_MOVE = YES;
				CLANG_WARN_UNGUARDED_AVAILABILITY = YES_AGGRESSIVE;
				CLANG_WARN_UNREACHABLE_CODE = YES;
				CLANG_WARN__DUPLICATE_METHOD_MATCH = YES;
				COPY_PHASE_STRIP = NO;
				DEBUG_INFORMATION_FORMAT = "dwarf-with-dsym";
				ENABLE_NS_ASSERTIONS = NO;
				ENABLE_STRICT_OBJC_MSGSEND = YES;
				GCC_C_LANGUAGE_STANDARD = gnu11;
				GCC_NO_COMMON_BLOCKS = YES;
				GCC_WARN_64_TO_32_BIT_CONVERSION = YES;
				GCC_WARN_ABOUT_RETURN_TYPE = YES_ERROR;
				GCC_WARN_UNDECLARED_SELECTOR = YES;
				GCC_WARN_UNINITIALIZED_AUTOS = YES_AGGRESSIVE;
				GCC_WARN_UNUSED_FUNCTION = YES;
				GCC_WARN_UNUSED_VARIABLE = YES;
				IPHONEOS_DEPLOYMENT_TARGET = 15.5;
				MTL_ENABLE_DEBUG_INFO = NO;
				MTL_FAST_MATH = YES;
				SDKROOT = iphoneos;
				SWIFT_COMPILATION_MODE = wholemodule;
				SWIFT_OPTIMIZATION_LEVEL = "-O";
				VALIDATE_PRODUCT = YES;
			};
			name = Release;
		};
		1A537DFA289ED4C6007B6500 /* Debug */ = {
			isa = XCBuildConfiguration;
			buildSettings = {
				ASSETCATALOG_COMPILER_APPICON_NAME = AppIcon;
				ASSETCATALOG_COMPILER_GLOBAL_ACCENT_COLOR_NAME = AccentColor;
				CODE_SIGN_STYLE = Automatic;
				CURRENT_PROJECT_VERSION = 1;
				DEVELOPMENT_TEAM = L49ZU532QC;
				GENERATE_INFOPLIST_FILE = YES;
				INFOPLIST_FILE = SnapchatClone/Info.plist;
				INFOPLIST_KEY_UIApplicationSupportsIndirectInputEvents = YES;
				INFOPLIST_KEY_UILaunchStoryboardName = LaunchScreen;
				INFOPLIST_KEY_UIMainStoryboardFile = Main;
				INFOPLIST_KEY_UISupportedInterfaceOrientations_iPad = "UIInterfaceOrientationPortrait UIInterfaceOrientationPortraitUpsideDown UIInterfaceOrientationLandscapeLeft UIInterfaceOrientationLandscapeRight";
				INFOPLIST_KEY_UISupportedInterfaceOrientations_iPhone = "UIInterfaceOrientationPortrait UIInterfaceOrientationLandscapeLeft UIInterfaceOrientationLandscapeRight";
				LD_RUNPATH_SEARCH_PATHS = (
					"$(inherited)",
					"@executable_path/Frameworks",
				);
				MARKETING_VERSION = 1.0;
				PRODUCT_BUNDLE_IDENTIFIER = com.wasabi.SnapchatClone;
				PRODUCT_NAME = "$(TARGET_NAME)";
				SWIFT_EMIT_LOC_STRINGS = YES;
				SWIFT_VERSION = 5.0;
				TARGETED_DEVICE_FAMILY = "1,2";
			};
			name = Debug;
		};
		1A537DFB289ED4C6007B6500 /* Release */ = {
			isa = XCBuildConfiguration;
			buildSettings = {
				ASSETCATALOG_COMPILER_APPICON_NAME = AppIcon;
				ASSETCATALOG_COMPILER_GLOBAL_ACCENT_COLOR_NAME = AccentColor;
				CODE_SIGN_STYLE = Automatic;
				CURRENT_PROJECT_VERSION = 1;
				DEVELOPMENT_TEAM = L49ZU532QC;
				GENERATE_INFOPLIST_FILE = YES;
				INFOPLIST_FILE = SnapchatClone/Info.plist;
				INFOPLIST_KEY_UIApplicationSupportsIndirectInputEvents = YES;
				INFOPLIST_KEY_UILaunchStoryboardName = LaunchScreen;
				INFOPLIST_KEY_UIMainStoryboardFile = Main;
				INFOPLIST_KEY_UISupportedInterfaceOrientations_iPad = "UIInterfaceOrientationPortrait UIInterfaceOrientationPortraitUpsideDown UIInterfaceOrientationLandscapeLeft UIInterfaceOrientationLandscapeRight";
				INFOPLIST_KEY_UISupportedInterfaceOrientations_iPhone = "UIInterfaceOrientationPortrait UIInterfaceOrientationLandscapeLeft UIInterfaceOrientationLandscapeRight";
				LD_RUNPATH_SEARCH_PATHS = (
					"$(inherited)",
					"@executable_path/Frameworks",
				);
				MARKETING_VERSION = 1.0;
				PRODUCT_BUNDLE_IDENTIFIER = com.wasabi.SnapchatClone;
				PRODUCT_NAME = "$(TARGET_NAME)";
				SWIFT_EMIT_LOC_STRINGS = YES;
				SWIFT_VERSION = 5.0;
				TARGETED_DEVICE_FAMILY = "1,2";
			};
			name = Release;
		};
/* End XCBuildConfiguration section */

/* Begin XCConfigurationList section */
		1A537DE0289ED4C3007B6500 /* Build configuration list for PBXProject "SnapchatClone" */ = {
			isa = XCConfigurationList;
			buildConfigurations = (
				1A537DF7289ED4C6007B6500 /* Debug */,
				1A537DF8289ED4C6007B6500 /* Release */,
			);
			defaultConfigurationIsVisible = 0;
			defaultConfigurationName = Release;
		};
		1A537DF9289ED4C6007B6500 /* Build configuration list for PBXNativeTarget "SnapchatClone" */ = {
			isa = XCConfigurationList;
			buildConfigurations = (
				1A537DFA289ED4C6007B6500 /* Debug */,
				1A537DFB289ED4C6007B6500 /* Release */,
			);
			defaultConfigurationIsVisible = 0;
			defaultConfigurationName = Release;
		};
/* End XCConfigurationList section */

/* Begin XCRemoteSwiftPackageReference section */
		1A846817289EDE76005B65E3 /* XCRemoteSwiftPackageReference "firebase-ios-sdk" */ = {
			isa = XCRemoteSwiftPackageReference;
			repositoryURL = "https://github.com/firebase/firebase-ios-sdk";
			requirement = {
				branch = master;
				kind = branch;
			};
		};
/* End XCRemoteSwiftPackageReference section */

/* Begin XCSwiftPackageProductDependency section */
		1A846818289EDE76005B65E3 /* FirebaseAnalytics */ = {
			isa = XCSwiftPackageProductDependency;
			package = 1A846817289EDE76005B65E3 /* XCRemoteSwiftPackageReference "firebase-ios-sdk" */;
			productName = FirebaseAnalytics;
		};
		1A84681A289EDE76005B65E3 /* FirebaseAuth */ = {
			isa = XCSwiftPackageProductDependency;
			package = 1A846817289EDE76005B65E3 /* XCRemoteSwiftPackageReference "firebase-ios-sdk" */;
			productName = FirebaseAuth;
		};
		1A84681C289EDE76005B65E3 /* FirebaseDatabase */ = {
			isa = XCSwiftPackageProductDependency;
			package = 1A846817289EDE76005B65E3 /* XCRemoteSwiftPackageReference "firebase-ios-sdk" */;
			productName = FirebaseDatabase;
		};
		1A84681E289EDE76005B65E3 /* FirebaseFirestore */ = {
			isa = XCSwiftPackageProductDependency;
			package = 1A846817289EDE76005B65E3 /* XCRemoteSwiftPackageReference "firebase-ios-sdk" */;
			productName = FirebaseFirestore;
		};
		1A846820289EDE76005B65E3 /* FirebaseStorage */ = {
			isa = XCSwiftPackageProductDependency;
			package = 1A846817289EDE76005B65E3 /* XCRemoteSwiftPackageReference "firebase-ios-sdk" */;
			productName = FirebaseStorage;
		};
/* End XCSwiftPackageProductDependency section */
	};
	rootObject = 1A537DDD289ED4C3007B6500 /* Project object */;
}
